
Microsoft Visual Studio Solution File, Format Version 12.00
# Visual Studio Version 16
VisualStudioVersion = 16.0.30611.23
MinimumVisualStudioVersion = 10.0.40219.1
Project("{9A19103F-16F7-4668-BE54-9A1E7A4F7556}") = "FplDataWebsite.Website", "FplDataWebsite\FplDataWebsite.Website.csproj", "{0DC25D88-1B32-499F-8924-B3EB4A4045BE}"
EndProject
Global
	GlobalSection(SolutionConfigurationPlatforms) = preSolution
		Debug|Any CPU = Debug|Any CPU
		Release|Any CPU = Release|Any CPU
	EndGlobalSection
	GlobalSection(ProjectConfigurationPlatforms) = postSolution
		{0DC25D88-1B32-499F-8924-B3EB4A4045BE}.Debug|Any CPU.ActiveCfg = Debug|Any CPU
		{0DC25D88-1B32-499F-8924-B3EB4A4045BE}.Debug|Any CPU.Build.0 = Debug|Any CPU
		{0DC25D88-1B32-499F-8924-B3EB4A4045BE}.Release|Any CPU.ActiveCfg = Release|Any CPU
		{0DC25D88-1B32-499F-8924-B3EB4A4045BE}.Release|Any CPU.Build.0 = Release|Any CPU
	EndGlobalSection
	GlobalSection(SolutionProperties) = preSolution
		HideSolutionNode = FALSE
	EndGlobalSection
	GlobalSection(ExtensibilityGlobals) = postSolution
		SolutionGuid = {B60CD96A-562B-4296-9E17-A8A9DA6A6352}
	EndGlobalSection
EndGlobal
